{
  "name": "@eirikb/domdom",
  "version": "2.0.5",
  "lockfileVersion": 1,
  "requires": true,
  "dependencies": {
    "@eirikb/data": {
      "version": "2.0.5",
      "resolved": "https://registry.npmjs.org/@eirikb/data/-/data-2.0.5.tgz",
      "integrity": "sha512-Yh6XGbapmMiqp5RVIR1CYN8ohOLC4YZJysSY1R+nJLRwCAIm4XcrvT80BA+M4ym3PsmPiwDRck4wakJ16zimlA=="
    }
  }
}
