{
  "name": "@eirikb/domdom",
  "version": "2.0.5-1",
  "lockfileVersion": 1,
  "requires": true,
  "dependencies": {
    "@eirikb/data": {
      "version": "2.0.6",
      "resolved": "https://registry.npmjs.org/@eirikb/data/-/data-2.0.6.tgz",
      "integrity": "sha512-3tsIaXg78Sev2EtLnNsfMRhs3VJpY92IdtZ95UmMpXsK/0StmDLHgRo94uxvugFpo4Fr+JRhZbEPRWohwCUXCg=="
    }
  }
}
